
Microsoft Visual Studio Solution File, Format Version 12.00
# Visual Studio Version 17
VisualStudioVersion = 17.10.35122.118
MinimumVisualStudioVersion = 10.0.40219.1
Project("{9A19103F-16F7-4668-BE54-9A1E7A4F7556}") = "Classes", "Classes\Classes.csproj", "{505D8D64-CD57-4EEC-A8E1-A25CDA9045FE}"
EndProject
Project("{9A19103F-16F7-4668-BE54-9A1E7A4F7556}") = "Inheritance", "Inheritance\Inheritance.csproj", "{470DDC7D-23B5-4099-8B04-6C1EFBA676A7}"
EndProject
Project("{FAE04EC0-301F-11D3-BF4B-00C04F79EFBC}") = "Polymorphism", "Polymorphism\Polymorphism.csproj", "{8C7EB7D6-7C56-4547-8C42-E4A5A7C8C2B6}"
EndProject
Project("{FAE04EC0-301F-11D3-BF4B-00C04F79EFBC}") = "Interface", "Interface\Interface.csproj", "{D8F3F130-0E57-448E-B1E7-8DC5325FCEFB}"
EndProject
Project("{FAE04EC0-301F-11D3-BF4B-00C04F79EFBC}") = "Testability", "Testability\Testability.csproj", "{10F1B8C0-4A1E-4CDC-A234-D2025ED5570D}"
EndProject
Global
	GlobalSection(SolutionConfigurationPlatforms) = preSolution
		Debug|Any CPU = Debug|Any CPU
		Release|Any CPU = Release|Any CPU
	EndGlobalSection
	GlobalSection(ProjectConfigurationPlatforms) = postSolution
		{505D8D64-CD57-4EEC-A8E1-A25CDA9045FE}.Debug|Any CPU.ActiveCfg = Debug|Any CPU
		{505D8D64-CD57-4EEC-A8E1-A25CDA9045FE}.Debug|Any CPU.Build.0 = Debug|Any CPU
		{505D8D64-CD57-4EEC-A8E1-A25CDA9045FE}.Release|Any CPU.ActiveCfg = Release|Any CPU
		{505D8D64-CD57-4EEC-A8E1-A25CDA9045FE}.Release|Any CPU.Build.0 = Release|Any CPU
		{470DDC7D-23B5-4099-8B04-6C1EFBA676A7}.Debug|Any CPU.ActiveCfg = Debug|Any CPU
		{470DDC7D-23B5-4099-8B04-6C1EFBA676A7}.Debug|Any CPU.Build.0 = Debug|Any CPU
		{470DDC7D-23B5-4099-8B04-6C1EFBA676A7}.Release|Any CPU.ActiveCfg = Release|Any CPU
		{470DDC7D-23B5-4099-8B04-6C1EFBA676A7}.Release|Any CPU.Build.0 = Release|Any CPU
		{8C7EB7D6-7C56-4547-8C42-E4A5A7C8C2B6}.Debug|Any CPU.ActiveCfg = Debug|Any CPU
		{8C7EB7D6-7C56-4547-8C42-E4A5A7C8C2B6}.Debug|Any CPU.Build.0 = Debug|Any CPU
		{8C7EB7D6-7C56-4547-8C42-E4A5A7C8C2B6}.Release|Any CPU.ActiveCfg = Release|Any CPU
		{8C7EB7D6-7C56-4547-8C42-E4A5A7C8C2B6}.Release|Any CPU.Build.0 = Release|Any CPU
		{D8F3F130-0E57-448E-B1E7-8DC5325FCEFB}.Debug|Any CPU.ActiveCfg = Debug|Any CPU
		{D8F3F130-0E57-448E-B1E7-8DC5325FCEFB}.Debug|Any CPU.Build.0 = Debug|Any CPU
		{D8F3F130-0E57-448E-B1E7-8DC5325FCEFB}.Release|Any CPU.ActiveCfg = Release|Any CPU
		{D8F3F130-0E57-448E-B1E7-8DC5325FCEFB}.Release|Any CPU.Build.0 = Release|Any CPU
		{10F1B8C0-4A1E-4CDC-A234-D2025ED5570D}.Debug|Any CPU.ActiveCfg = Debug|Any CPU
		{10F1B8C0-4A1E-4CDC-A234-D2025ED5570D}.Debug|Any CPU.Build.0 = Debug|Any CPU
		{10F1B8C0-4A1E-4CDC-A234-D2025ED5570D}.Release|Any CPU.ActiveCfg = Release|Any CPU
		{10F1B8C0-4A1E-4CDC-A234-D2025ED5570D}.Release|Any CPU.Build.0 = Release|Any CPU
	EndGlobalSection
	GlobalSection(SolutionProperties) = preSolution
		HideSolutionNode = FALSE
	EndGlobalSection
	GlobalSection(ExtensibilityGlobals) = postSolution
		SolutionGuid = {2E8FC20E-25DA-48AD-BC81-7E06E7976758}
	EndGlobalSection
EndGlobal
